{
  "version": 4,
  "terraform_version": "1.14.6",
  "serial": 1,
  "lineage": "aba3a440-3073-3eb0-25a1-c20362daa0a2",
  "outputs": {},
  "resources": [
    {
      "module": "module.test_vm",
      "mode": "managed",
      "type": "proxmox_vm_qemu",
      "name": "vm",
      "provider": "provider[\"registry.terraform.io/telmate/proxmox\"]",
      "instances": [
        {
          "index_key": 0,
          "status": "tainted",
          "schema_version": 0,
          "attributes": {
            "additional_wait": 5,
            "agent": 1,
            "args": null,
            "automatic_reboot": true,
            "balloon": 0,
            "bios": "seabios",
            "boot": null,
            "bootdisk": null,
            "bridge": null,
            "ci_wait": null,
            "cicustom": null,
            "cipassword": "password",
            "ciuser": "bobosunne",
            "clone": "rocky-linux-template",
            "clone_wait": 10,
            "cloudinit_cdrom_storage": null,
            "cores": 2,
            "cpu": "host",
            "default_ipv4_address": null,
            "define_connection_info": true,
            "desc": null,
            "disk": [],
            "disk_gb": null,
            "force_create": false,
            "force_recreate_on_change_of": null,
            "full_clone": true,
            "guest_agent_ready_timeout": 100,
            "hagroup": null,
            "hastate": null,
            "hostpci": [],
            "hotplug": "network,disk,usb",
            "id": "sunny-proxmox-01/qemu/500",
            "ipconfig0": "dhcp",
            "ipconfig1": null,
            "ipconfig10": null,
            "ipconfig11": null,
            "ipconfig12": null,
            "ipconfig13": null,
            "ipconfig14": null,
            "ipconfig15": null,
            "ipconfig2": null,
            "ipconfig3": null,
            "ipconfig4": null,
            "ipconfig5": null,
            "ipconfig6": null,
            "ipconfig7": null,
            "ipconfig8": null,
            "ipconfig9": null,
            "iso": null,
            "kvm": true,
            "mac": null,
            "machine": null,
            "memory": 2048,
            "name": "test-vm-1",
            "nameserver": null,
            "network": [
              {
                "bridge": "vmbr0",
                "firewall": false,
                "link_down": false,
                "macaddr": "",
                "model": "virtio",
                "mtu": 0,
                "queues": 0,
                "rate": 0,
                "tag": -1
              }
            ],
            "nic": null,
            "numa": null,
            "onboot": true,
            "oncreate": true,
            "os_network_config": null,
            "os_type": "cloud-init",
            "pool": null,
            "preprovision": true,
            "pxe": null,
            "qemu_os": null,
            "reboot_required": null,
            "scsihw": "virtio-scsi-pci",
            "searchdomain": null,
            "serial": [],
            "sockets": 1,
            "ssh_forward_ip": null,
            "ssh_host": null,
            "ssh_port": null,
            "ssh_private_key": null,
            "ssh_user": null,
            "sshkeys": null,
            "startup": null,
            "storage": null,
            "storage_type": null,
            "tablet": true,
            "tags": null,
            "target_node": "sunny-proxmox-01",
            "timeouts": null,
            "unused_disk": null,
            "usb": [],
            "vcpus": 0,
            "vga": [],
            "vlan": -1,
            "vmid": 500
          },
          "sensitive_attributes": [
            [
              {
                "type": "get_attr",
                "value": "cipassword"
              }
            ],
            [
              {
                "type": "get_attr",
                "value": "ssh_private_key"
              }
            ]
          ],
          "identity_schema_version": 0,
          "private": "eyJlMmJmYjczMC1lY2FhLTExZTYtOGY4OC0zNDM2M2JjN2M0YzAiOnsiY3JlYXRlIjoxMjAwMDAwMDAwMDAwLCJkZWZhdWx0IjoxMjAwMDAwMDAwMDAwLCJkZWxldGUiOjEyMDAwMDAwMDAwMDAsInJlYWQiOjEyMDAwMDAwMDAwMDAsInVwZGF0ZSI6MTIwMDAwMDAwMDAwMH19"
        }
      ]
    }
  ],
  "check_results": null
}
